
Microsoft Visual Studio Solution File, Format Version 12.00
Project("{2150E333-8FDC-42A3-9474-1A3956D46DE8}") = "1.Sqs", "1.Sqs", "{AE28BEE1-B578-439A-B596-D991B9851F5A}"
EndProject
Project("{2150E333-8FDC-42A3-9474-1A3956D46DE8}") = "2.Sns", "2.Sns", "{BA648C25-CB9E-4FAA-AF91-86A37CCEA382}"
EndProject
Project("{2150E333-8FDC-42A3-9474-1A3956D46DE8}") = "3.DynamoDb", "3.DynamoDb", "{2C17779A-FD5B-4980-BEB0-4A19912178B7}"
EndProject
Project("{2150E333-8FDC-42A3-9474-1A3956D46DE8}") = "4.S3", "4.S3", "{6CC73189-9356-4EE7-B061-73D9395C30AC}"
EndProject
Project("{2150E333-8FDC-42A3-9474-1A3956D46DE8}") = "5.SecretsManager", "5.SecretsManager", "{8D27D9CA-8D14-4CD6-9827-A0837CFB03C3}"
EndProject
Project("{2150E333-8FDC-42A3-9474-1A3956D46DE8}") = "6.Lambda", "6.Lambda", "{DC84F474-F046-44B8-8D2E-BCE6A285FDF5}"
EndProject
Project("{2150E333-8FDC-42A3-9474-1A3956D46DE8}") = "Solution Items", "Solution Items", "{BC210C31-CCA6-4C9B-8030-FCA4A5E03AE5}"
	ProjectSection(SolutionItems) = preProject
		README.md = README.md
		.gitignore = .gitignore
	EndProjectSection
EndProject
Project("{FAE04EC0-301F-11D3-BF4B-00C04F79EFBC}") = "SqsPublisher", "1.Sqs\SqsPublisher\SqsPublisher.csproj", "{6255F9CC-42DA-4DA8-AF1B-CB2926221DAE}"
EndProject
Project("{FAE04EC0-301F-11D3-BF4B-00C04F79EFBC}") = "SqsConsumer", "1.Sqs\SqsConsumer\SqsConsumer.csproj", "{B31DFCC2-BEDB-416C-B6D1-0C02A5F381B2}"
EndProject
Project("{FAE04EC0-301F-11D3-BF4B-00C04F79EFBC}") = "Customers.Api", "1.Sqs\Customers.Api\Customers.Api.csproj", "{DFFB924A-EF88-4000-BD13-C3AE4EE12562}"
EndProject
Project("{FAE04EC0-301F-11D3-BF4B-00C04F79EFBC}") = "Customers.Consumer", "1.Sqs\Customers.Consumer\Customers.Consumer.csproj", "{22737594-794E-40B9-99F1-DFE8ADA80B80}"
EndProject
Project("{FAE04EC0-301F-11D3-BF4B-00C04F79EFBC}") = "SnsPublisher", "2.Sns\SnsPublisher\SnsPublisher.csproj", "{F1CD4133-DF3C-4F94-898B-C22616AE49D4}"
EndProject
Project("{FAE04EC0-301F-11D3-BF4B-00C04F79EFBC}") = "SnsConsumer", "2.Sns\SnsConsumer\SnsConsumer.csproj", "{A45A4AFF-C93E-4DDF-BE02-071980179859}"
EndProject
Project("{FAE04EC0-301F-11D3-BF4B-00C04F79EFBC}") = "Customers.Api", "2.Sns\Customers.Api\Customers.Api.csproj", "{28060878-7884-41F6-B6DB-38FCFE597A1A}"
EndProject
Project("{FAE04EC0-301F-11D3-BF4B-00C04F79EFBC}") = "Customers.Consumer", "2.Sns\Customers.Consumer\Customers.Consumer.csproj", "{0FF07AC0-448D-4947-9937-45A5FF278BA8}"
EndProject
Project("{FAE04EC0-301F-11D3-BF4B-00C04F79EFBC}") = "Customers.Api", "3.DynamoDb\Customers.Api\Customers.Api.csproj", "{0BFBD794-7BCC-4D8D-8DBC-4313CE6FD141}"
EndProject
Project("{FAE04EC0-301F-11D3-BF4B-00C04F79EFBC}") = "Movies.App", "3.DynamoDb\Movies.App\Movies.App.csproj", "{D43AD855-8458-433B-81CD-299AFA6B83C2}"
EndProject
Project("{FAE04EC0-301F-11D3-BF4B-00C04F79EFBC}") = "Customers.Api", "4.S3\Customers.Api\Customers.Api.csproj", "{890E278C-098F-465E-BBAC-CBF8436B874A}"
EndProject
Project("{FAE04EC0-301F-11D3-BF4B-00C04F79EFBC}") = "S3Playground", "4.S3\S3Playground\S3Playground.csproj", "{EA0C5954-92E5-48F0-A963-1A583505693C}"
EndProject
Project("{FAE04EC0-301F-11D3-BF4B-00C04F79EFBC}") = "Weather.Api", "5.SecretsManager\Weather.Api\Weather.Api.csproj", "{4AA84D91-E82E-407E-AD96-A3A5AA1DEA74}"
EndProject
Project("{FAE04EC0-301F-11D3-BF4B-00C04F79EFBC}") = "SecretsManager.Application", "5.SecretsManager\SecretsManager.Application\SecretsManager.Application.csproj", "{EAEA37BE-02CA-49E6-A09A-60BA480BA743}"
EndProject
Project("{FAE04EC0-301F-11D3-BF4B-00C04F79EFBC}") = "SimpleApiLambda", "6.Lambda\SimpleApiLambda\SimpleApiLambda.csproj", "{D0A3A90C-A618-4778-977A-412A7CA2CDE8}"
EndProject
Project("{FAE04EC0-301F-11D3-BF4B-00C04F79EFBC}") = "SimpleCustomLambda", "6.Lambda\SimpleCustomLambda\SimpleCustomLambda.csproj", "{922FD6EC-4C2A-4D28-B1FA-94AA3FF8589F}"
EndProject
Project("{FAE04EC0-301F-11D3-BF4B-00C04F79EFBC}") = "SimpleDynamoDbLambda", "6.Lambda\SimpleDynamoDbLambda\SimpleDynamoDbLambda.csproj", "{D3328E32-8B28-4552-B8C9-0C115255D29B}"
EndProject
Project("{FAE04EC0-301F-11D3-BF4B-00C04F79EFBC}") = "SimpleHttpLambda", "6.Lambda\SimpleHttpLambda\SimpleHttpLambda.csproj", "{8A2B678C-44F0-48A6-9FE9-E01E16FB0F77}"
EndProject
Project("{FAE04EC0-301F-11D3-BF4B-00C04F79EFBC}") = "SimpleLambda", "6.Lambda\SimpleLambda\SimpleLambda.csproj", "{F4F09316-527C-4794-9750-5BCE9975045A}"
EndProject
Project("{FAE04EC0-301F-11D3-BF4B-00C04F79EFBC}") = "SimpleS3Lambda", "6.Lambda\SimpleS3Lambda\SimpleS3Lambda.csproj", "{CC8A3943-80E2-48F0-BB52-6FA3F136262A}"
EndProject
Project("{FAE04EC0-301F-11D3-BF4B-00C04F79EFBC}") = "SimpleSnsLambda", "6.Lambda\SimpleSnsLambda\SimpleSnsLambda.csproj", "{7D7554D6-F597-4417-A4CF-8B775803EBF7}"
EndProject
Project("{FAE04EC0-301F-11D3-BF4B-00C04F79EFBC}") = "SimpleSqsLambda", "6.Lambda\SimpleSqsLambda\SimpleSqsLambda.csproj", "{D7770EAF-2CE9-4190-AE69-D89821A4880A}"
EndProject
Global
	GlobalSection(SolutionConfigurationPlatforms) = preSolution
		Debug|Any CPU = Debug|Any CPU
		Release|Any CPU = Release|Any CPU
	EndGlobalSection
	GlobalSection(NestedProjects) = preSolution
		{6255F9CC-42DA-4DA8-AF1B-CB2926221DAE} = {AE28BEE1-B578-439A-B596-D991B9851F5A}
		{B31DFCC2-BEDB-416C-B6D1-0C02A5F381B2} = {AE28BEE1-B578-439A-B596-D991B9851F5A}
		{DFFB924A-EF88-4000-BD13-C3AE4EE12562} = {AE28BEE1-B578-439A-B596-D991B9851F5A}
		{22737594-794E-40B9-99F1-DFE8ADA80B80} = {AE28BEE1-B578-439A-B596-D991B9851F5A}
		{F1CD4133-DF3C-4F94-898B-C22616AE49D4} = {BA648C25-CB9E-4FAA-AF91-86A37CCEA382}
		{A45A4AFF-C93E-4DDF-BE02-071980179859} = {BA648C25-CB9E-4FAA-AF91-86A37CCEA382}
		{28060878-7884-41F6-B6DB-38FCFE597A1A} = {BA648C25-CB9E-4FAA-AF91-86A37CCEA382}
		{0FF07AC0-448D-4947-9937-45A5FF278BA8} = {BA648C25-CB9E-4FAA-AF91-86A37CCEA382}
		{0BFBD794-7BCC-4D8D-8DBC-4313CE6FD141} = {2C17779A-FD5B-4980-BEB0-4A19912178B7}
		{D43AD855-8458-433B-81CD-299AFA6B83C2} = {2C17779A-FD5B-4980-BEB0-4A19912178B7}
		{890E278C-098F-465E-BBAC-CBF8436B874A} = {6CC73189-9356-4EE7-B061-73D9395C30AC}
		{EA0C5954-92E5-48F0-A963-1A583505693C} = {6CC73189-9356-4EE7-B061-73D9395C30AC}
		{4AA84D91-E82E-407E-AD96-A3A5AA1DEA74} = {8D27D9CA-8D14-4CD6-9827-A0837CFB03C3}
		{EAEA37BE-02CA-49E6-A09A-60BA480BA743} = {8D27D9CA-8D14-4CD6-9827-A0837CFB03C3}
		{D0A3A90C-A618-4778-977A-412A7CA2CDE8} = {DC84F474-F046-44B8-8D2E-BCE6A285FDF5}
		{922FD6EC-4C2A-4D28-B1FA-94AA3FF8589F} = {DC84F474-F046-44B8-8D2E-BCE6A285FDF5}
		{D3328E32-8B28-4552-B8C9-0C115255D29B} = {DC84F474-F046-44B8-8D2E-BCE6A285FDF5}
		{8A2B678C-44F0-48A6-9FE9-E01E16FB0F77} = {DC84F474-F046-44B8-8D2E-BCE6A285FDF5}
		{F4F09316-527C-4794-9750-5BCE9975045A} = {DC84F474-F046-44B8-8D2E-BCE6A285FDF5}
		{CC8A3943-80E2-48F0-BB52-6FA3F136262A} = {DC84F474-F046-44B8-8D2E-BCE6A285FDF5}
		{7D7554D6-F597-4417-A4CF-8B775803EBF7} = {DC84F474-F046-44B8-8D2E-BCE6A285FDF5}
		{D7770EAF-2CE9-4190-AE69-D89821A4880A} = {DC84F474-F046-44B8-8D2E-BCE6A285FDF5}
	EndGlobalSection
	GlobalSection(ProjectConfigurationPlatforms) = postSolution
		{6255F9CC-42DA-4DA8-AF1B-CB2926221DAE}.Debug|Any CPU.ActiveCfg = Debug|Any CPU
		{6255F9CC-42DA-4DA8-AF1B-CB2926221DAE}.Debug|Any CPU.Build.0 = Debug|Any CPU
		{6255F9CC-42DA-4DA8-AF1B-CB2926221DAE}.Release|Any CPU.ActiveCfg = Release|Any CPU
		{6255F9CC-42DA-4DA8-AF1B-CB2926221DAE}.Release|Any CPU.Build.0 = Release|Any CPU
		{B31DFCC2-BEDB-416C-B6D1-0C02A5F381B2}.Debug|Any CPU.ActiveCfg = Debug|Any CPU
		{B31DFCC2-BEDB-416C-B6D1-0C02A5F381B2}.Debug|Any CPU.Build.0 = Debug|Any CPU
		{B31DFCC2-BEDB-416C-B6D1-0C02A5F381B2}.Release|Any CPU.ActiveCfg = Release|Any CPU
		{B31DFCC2-BEDB-416C-B6D1-0C02A5F381B2}.Release|Any CPU.Build.0 = Release|Any CPU
		{DFFB924A-EF88-4000-BD13-C3AE4EE12562}.Debug|Any CPU.ActiveCfg = Debug|Any CPU
		{DFFB924A-EF88-4000-BD13-C3AE4EE12562}.Debug|Any CPU.Build.0 = Debug|Any CPU
		{DFFB924A-EF88-4000-BD13-C3AE4EE12562}.Release|Any CPU.ActiveCfg = Release|Any CPU
		{DFFB924A-EF88-4000-BD13-C3AE4EE12562}.Release|Any CPU.Build.0 = Release|Any CPU
		{22737594-794E-40B9-99F1-DFE8ADA80B80}.Debug|Any CPU.ActiveCfg = Debug|Any CPU
		{22737594-794E-40B9-99F1-DFE8ADA80B80}.Debug|Any CPU.Build.0 = Debug|Any CPU
		{22737594-794E-40B9-99F1-DFE8ADA80B80}.Release|Any CPU.ActiveCfg = Release|Any CPU
		{22737594-794E-40B9-99F1-DFE8ADA80B80}.Release|Any CPU.Build.0 = Release|Any CPU
		{F1CD4133-DF3C-4F94-898B-C22616AE49D4}.Debug|Any CPU.ActiveCfg = Debug|Any CPU
		{F1CD4133-DF3C-4F94-898B-C22616AE49D4}.Debug|Any CPU.Build.0 = Debug|Any CPU
		{F1CD4133-DF3C-4F94-898B-C22616AE49D4}.Release|Any CPU.ActiveCfg = Release|Any CPU
		{F1CD4133-DF3C-4F94-898B-C22616AE49D4}.Release|Any CPU.Build.0 = Release|Any CPU
		{A45A4AFF-C93E-4DDF-BE02-071980179859}.Debug|Any CPU.ActiveCfg = Debug|Any CPU
		{A45A4AFF-C93E-4DDF-BE02-071980179859}.Debug|Any CPU.Build.0 = Debug|Any CPU
		{A45A4AFF-C93E-4DDF-BE02-071980179859}.Release|Any CPU.ActiveCfg = Release|Any CPU
		{A45A4AFF-C93E-4DDF-BE02-071980179859}.Release|Any CPU.Build.0 = Release|Any CPU
		{28060878-7884-41F6-B6DB-38FCFE597A1A}.Debug|Any CPU.ActiveCfg = Debug|Any CPU
		{28060878-7884-41F6-B6DB-38FCFE597A1A}.Debug|Any CPU.Build.0 = Debug|Any CPU
		{28060878-7884-41F6-B6DB-38FCFE597A1A}.Release|Any CPU.ActiveCfg = Release|Any CPU
		{28060878-7884-41F6-B6DB-38FCFE597A1A}.Release|Any CPU.Build.0 = Release|Any CPU
		{0FF07AC0-448D-4947-9937-45A5FF278BA8}.Debug|Any CPU.ActiveCfg = Debug|Any CPU
		{0FF07AC0-448D-4947-9937-45A5FF278BA8}.Debug|Any CPU.Build.0 = Debug|Any CPU
		{0FF07AC0-448D-4947-9937-45A5FF278BA8}.Release|Any CPU.ActiveCfg = Release|Any CPU
		{0FF07AC0-448D-4947-9937-45A5FF278BA8}.Release|Any CPU.Build.0 = Release|Any CPU
		{0BFBD794-7BCC-4D8D-8DBC-4313CE6FD141}.Debug|Any CPU.ActiveCfg = Debug|Any CPU
		{0BFBD794-7BCC-4D8D-8DBC-4313CE6FD141}.Debug|Any CPU.Build.0 = Debug|Any CPU
		{0BFBD794-7BCC-4D8D-8DBC-4313CE6FD141}.Release|Any CPU.ActiveCfg = Release|Any CPU
		{0BFBD794-7BCC-4D8D-8DBC-4313CE6FD141}.Release|Any CPU.Build.0 = Release|Any CPU
		{D43AD855-8458-433B-81CD-299AFA6B83C2}.Debug|Any CPU.ActiveCfg = Debug|Any CPU
		{D43AD855-8458-433B-81CD-299AFA6B83C2}.Debug|Any CPU.Build.0 = Debug|Any CPU
		{D43AD855-8458-433B-81CD-299AFA6B83C2}.Release|Any CPU.ActiveCfg = Release|Any CPU
		{D43AD855-8458-433B-81CD-299AFA6B83C2}.Release|Any CPU.Build.0 = Release|Any CPU
		{890E278C-098F-465E-BBAC-CBF8436B874A}.Debug|Any CPU.ActiveCfg = Debug|Any CPU
		{890E278C-098F-465E-BBAC-CBF8436B874A}.Debug|Any CPU.Build.0 = Debug|Any CPU
		{890E278C-098F-465E-BBAC-CBF8436B874A}.Release|Any CPU.ActiveCfg = Release|Any CPU
		{890E278C-098F-465E-BBAC-CBF8436B874A}.Release|Any CPU.Build.0 = Release|Any CPU
		{EA0C5954-92E5-48F0-A963-1A583505693C}.Debug|Any CPU.ActiveCfg = Debug|Any CPU
		{EA0C5954-92E5-48F0-A963-1A583505693C}.Debug|Any CPU.Build.0 = Debug|Any CPU
		{EA0C5954-92E5-48F0-A963-1A583505693C}.Release|Any CPU.ActiveCfg = Release|Any CPU
		{EA0C5954-92E5-48F0-A963-1A583505693C}.Release|Any CPU.Build.0 = Release|Any CPU
		{4AA84D91-E82E-407E-AD96-A3A5AA1DEA74}.Debug|Any CPU.ActiveCfg = Debug|Any CPU
		{4AA84D91-E82E-407E-AD96-A3A5AA1DEA74}.Debug|Any CPU.Build.0 = Debug|Any CPU
		{4AA84D91-E82E-407E-AD96-A3A5AA1DEA74}.Release|Any CPU.ActiveCfg = Release|Any CPU
		{4AA84D91-E82E-407E-AD96-A3A5AA1DEA74}.Release|Any CPU.Build.0 = Release|Any CPU
		{EAEA37BE-02CA-49E6-A09A-60BA480BA743}.Debug|Any CPU.ActiveCfg = Debug|Any CPU
		{EAEA37BE-02CA-49E6-A09A-60BA480BA743}.Debug|Any CPU.Build.0 = Debug|Any CPU
		{EAEA37BE-02CA-49E6-A09A-60BA480BA743}.Release|Any CPU.ActiveCfg = Release|Any CPU
		{EAEA37BE-02CA-49E6-A09A-60BA480BA743}.Release|Any CPU.Build.0 = Release|Any CPU
		{D0A3A90C-A618-4778-977A-412A7CA2CDE8}.Debug|Any CPU.ActiveCfg = Debug|Any CPU
		{D0A3A90C-A618-4778-977A-412A7CA2CDE8}.Debug|Any CPU.Build.0 = Debug|Any CPU
		{D0A3A90C-A618-4778-977A-412A7CA2CDE8}.Release|Any CPU.ActiveCfg = Release|Any CPU
		{D0A3A90C-A618-4778-977A-412A7CA2CDE8}.Release|Any CPU.Build.0 = Release|Any CPU
		{922FD6EC-4C2A-4D28-B1FA-94AA3FF8589F}.Debug|Any CPU.ActiveCfg = Debug|Any CPU
		{922FD6EC-4C2A-4D28-B1FA-94AA3FF8589F}.Debug|Any CPU.Build.0 = Debug|Any CPU
		{922FD6EC-4C2A-4D28-B1FA-94AA3FF8589F}.Release|Any CPU.ActiveCfg = Release|Any CPU
		{922FD6EC-4C2A-4D28-B1FA-94AA3FF8589F}.Release|Any CPU.Build.0 = Release|Any CPU
		{D3328E32-8B28-4552-B8C9-0C115255D29B}.Debug|Any CPU.ActiveCfg = Debug|Any CPU
		{D3328E32-8B28-4552-B8C9-0C115255D29B}.Debug|Any CPU.Build.0 = Debug|Any CPU
		{D3328E32-8B28-4552-B8C9-0C115255D29B}.Release|Any CPU.ActiveCfg = Release|Any CPU
		{D3328E32-8B28-4552-B8C9-0C115255D29B}.Release|Any CPU.Build.0 = Release|Any CPU
		{8A2B678C-44F0-48A6-9FE9-E01E16FB0F77}.Debug|Any CPU.ActiveCfg = Debug|Any CPU
		{8A2B678C-44F0-48A6-9FE9-E01E16FB0F77}.Debug|Any CPU.Build.0 = Debug|Any CPU
		{8A2B678C-44F0-48A6-9FE9-E01E16FB0F77}.Release|Any CPU.ActiveCfg = Release|Any CPU
		{8A2B678C-44F0-48A6-9FE9-E01E16FB0F77}.Release|Any CPU.Build.0 = Release|Any CPU
		{F4F09316-527C-4794-9750-5BCE9975045A}.Debug|Any CPU.ActiveCfg = Debug|Any CPU
		{F4F09316-527C-4794-9750-5BCE9975045A}.Debug|Any CPU.Build.0 = Debug|Any CPU
		{F4F09316-527C-4794-9750-5BCE9975045A}.Release|Any CPU.ActiveCfg = Release|Any CPU
		{F4F09316-527C-4794-9750-5BCE9975045A}.Release|Any CPU.Build.0 = Release|Any CPU
		{CC8A3943-80E2-48F0-BB52-6FA3F136262A}.Debug|Any CPU.ActiveCfg = Debug|Any CPU
		{CC8A3943-80E2-48F0-BB52-6FA3F136262A}.Debug|Any CPU.Build.0 = Debug|Any CPU
		{CC8A3943-80E2-48F0-BB52-6FA3F136262A}.Release|Any CPU.ActiveCfg = Release|Any CPU
		{CC8A3943-80E2-48F0-BB52-6FA3F136262A}.Release|Any CPU.Build.0 = Release|Any CPU
		{7D7554D6-F597-4417-A4CF-8B775803EBF7}.Debug|Any CPU.ActiveCfg = Debug|Any CPU
		{7D7554D6-F597-4417-A4CF-8B775803EBF7}.Debug|Any CPU.Build.0 = Debug|Any CPU
		{7D7554D6-F597-4417-A4CF-8B775803EBF7}.Release|Any CPU.ActiveCfg = Release|Any CPU
		{7D7554D6-F597-4417-A4CF-8B775803EBF7}.Release|Any CPU.Build.0 = Release|Any CPU
		{D7770EAF-2CE9-4190-AE69-D89821A4880A}.Debug|Any CPU.ActiveCfg = Debug|Any CPU
		{D7770EAF-2CE9-4190-AE69-D89821A4880A}.Debug|Any CPU.Build.0 = Debug|Any CPU
		{D7770EAF-2CE9-4190-AE69-D89821A4880A}.Release|Any CPU.ActiveCfg = Release|Any CPU
		{D7770EAF-2CE9-4190-AE69-D89821A4880A}.Release|Any CPU.Build.0 = Release|Any CPU
	EndGlobalSection
EndGlobal
